
Microsoft Visual Studio Solution File, Format Version 12.00
# Visual Studio Version 17
VisualStudioVersion = 17.5.33502.453
MinimumVisualStudioVersion = 10.0.40219.1
Project("{FAE04EC0-301F-11D3-BF4B-00C04F79EFBC}") = "Functions", "Functions\Functions.csproj", "{840BCDD3-CD94-4515-B6A1-9177E6982A7B}"
EndProject
Project("{FAE04EC0-301F-11D3-BF4B-00C04F79EFBC}") = "ArgumentsAndParameters", "ArgumentsAndParameters\ArgumentsAndParameters.csproj", "{98EBE1CD-CBF1-4A4F-90E1-EF609BFDC53C}"
EndProject
Project("{FAE04EC0-301F-11D3-BF4B-00C04F79EFBC}") = "Calculator", "Calculator\Calculator.csproj", "{FEF6F637-D66D-4A89-9FD4-8395B0AF3125}"
EndProject
Project("{FAE04EC0-301F-11D3-BF4B-00C04F79EFBC}") = "DiscountCalculator", "DiscountCalculator\DiscountCalculator.csproj", "{E04F9B61-76F3-46EE-B6C3-D0F5995B4B91}"
EndProject
Global
	GlobalSection(SolutionConfigurationPlatforms) = preSolution
		Debug|Any CPU = Debug|Any CPU
		Release|Any CPU = Release|Any CPU
	EndGlobalSection
	GlobalSection(ProjectConfigurationPlatforms) = postSolution
		{840BCDD3-CD94-4515-B6A1-9177E6982A7B}.Debug|Any CPU.ActiveCfg = Debug|Any CPU
		{840BCDD3-CD94-4515-B6A1-9177E6982A7B}.Debug|Any CPU.Build.0 = Debug|Any CPU
		{840BCDD3-CD94-4515-B6A1-9177E6982A7B}.Release|Any CPU.ActiveCfg = Release|Any CPU
		{840BCDD3-CD94-4515-B6A1-9177E6982A7B}.Release|Any CPU.Build.0 = Release|Any CPU
		{98EBE1CD-CBF1-4A4F-90E1-EF609BFDC53C}.Debug|Any CPU.ActiveCfg = Debug|Any CPU
		{98EBE1CD-CBF1-4A4F-90E1-EF609BFDC53C}.Debug|Any CPU.Build.0 = Debug|Any CPU
		{98EBE1CD-CBF1-4A4F-90E1-EF609BFDC53C}.Release|Any CPU.ActiveCfg = Release|Any CPU
		{98EBE1CD-CBF1-4A4F-90E1-EF609BFDC53C}.Release|Any CPU.Build.0 = Release|Any CPU
		{FEF6F637-D66D-4A89-9FD4-8395B0AF3125}.Debug|Any CPU.ActiveCfg = Debug|Any CPU
		{FEF6F637-D66D-4A89-9FD4-8395B0AF3125}.Debug|Any CPU.Build.0 = Debug|Any CPU
		{FEF6F637-D66D-4A89-9FD4-8395B0AF3125}.Release|Any CPU.ActiveCfg = Release|Any CPU
		{FEF6F637-D66D-4A89-9FD4-8395B0AF3125}.Release|Any CPU.Build.0 = Release|Any CPU
		{E04F9B61-76F3-46EE-B6C3-D0F5995B4B91}.Debug|Any CPU.ActiveCfg = Debug|Any CPU
		{E04F9B61-76F3-46EE-B6C3-D0F5995B4B91}.Debug|Any CPU.Build.0 = Debug|Any CPU
		{E04F9B61-76F3-46EE-B6C3-D0F5995B4B91}.Release|Any CPU.ActiveCfg = Release|Any CPU
		{E04F9B61-76F3-46EE-B6C3-D0F5995B4B91}.Release|Any CPU.Build.0 = Release|Any CPU
	EndGlobalSection
	GlobalSection(SolutionProperties) = preSolution
		HideSolutionNode = FALSE
	EndGlobalSection
	GlobalSection(ExtensibilityGlobals) = postSolution
		SolutionGuid = {EFD050E2-29CA-4802-AF9A-1D3CA2336719}
	EndGlobalSection
EndGlobal
